
Microsoft Visual Studio Solution File, Format Version 12.00
Project("{FAE04EC0-301F-11D3-BF4B-00C04F79EFBC}") = "CatManagement", "CatManagement\CatManagement.csproj", "{3BAFB51C-7B78-4BDA-82F2-8BE2E8141187}"
EndProject
Global
	GlobalSection(SolutionConfigurationPlatforms) = preSolution
		Debug|Any CPU = Debug|Any CPU
		Release|Any CPU = Release|Any CPU
	EndGlobalSection
	GlobalSection(ProjectConfigurationPlatforms) = postSolution
		{3BAFB51C-7B78-4BDA-82F2-8BE2E8141187}.Debug|Any CPU.ActiveCfg = Debug|Any CPU
		{3BAFB51C-7B78-4BDA-82F2-8BE2E8141187}.Debug|Any CPU.Build.0 = Debug|Any CPU
		{3BAFB51C-7B78-4BDA-82F2-8BE2E8141187}.Release|Any CPU.ActiveCfg = Release|Any CPU
		{3BAFB51C-7B78-4BDA-82F2-8BE2E8141187}.Release|Any CPU.Build.0 = Release|Any CPU
	EndGlobalSection
EndGlobal
